{
  "name": "04-code",
  "version": "1.0.0",
  "lockfileVersion": 1,
  "requires": true,
  "dependencies": {
    "vue": {
      "version": "2.6.10",
      "resolved": "https://registry.npm.taobao.org/vue/download/vue-2.6.10.tgz",
      "integrity": "sha1-pysaQqTYKnIepDjRtr9V5mGVxjc="
    },
    "vue-router": {
      "version": "3.0.6",
      "resolved": "https://registry.npm.taobao.org/vue-router/download/vue-router-3.0.6.tgz",
      "integrity": "sha1-Lk8PnLsLltAgWrJpDP5YiTUTasM="
    }
  }
}
